
Microsoft Visual Studio Solution File, Format Version 12.00
# Visual Studio Version 16
VisualStudioVersion = 16.0.31624.102
MinimumVisualStudioVersion = 10.0.40219.1
Project("{9A19103F-16F7-4668-BE54-9A1E7A4F7556}") = "Coursework_2_2021", "Coursework_2_2021.csproj", "{14F2289B-AC1A-48EC-A500-42910546E040}"
EndProject
Global
	GlobalSection(SolutionConfigurationPlatforms) = preSolution
		Debug|Any CPU = Debug|Any CPU
		Release|Any CPU = Release|Any CPU
	EndGlobalSection
	GlobalSection(ProjectConfigurationPlatforms) = postSolution
		{14F2289B-AC1A-48EC-A500-42910546E040}.Debug|Any CPU.ActiveCfg = Debug|Any CPU
		{14F2289B-AC1A-48EC-A500-42910546E040}.Debug|Any CPU.Build.0 = Debug|Any CPU
		{14F2289B-AC1A-48EC-A500-42910546E040}.Release|Any CPU.ActiveCfg = Release|Any CPU
		{14F2289B-AC1A-48EC-A500-42910546E040}.Release|Any CPU.Build.0 = Release|Any CPU
	EndGlobalSection
	GlobalSection(SolutionProperties) = preSolution
		HideSolutionNode = FALSE
	EndGlobalSection
	GlobalSection(ExtensibilityGlobals) = postSolution
		SolutionGuid = {1B9874EA-B352-4BF5-904C-BCD474BF68F8}
	EndGlobalSection
EndGlobal
